// !$*UTF8*$!
{
	archiveVersion = 1;
	classes = {
	};
	objectVersion = 56;
	objects = {

/* Begin PBXBuildFile section */
		A1F80F032C12A49C0089DC43 /* MovingApp.swift in Sources */ = {isa = PBXBuildFile; fileRef = A1F80F022C12A49C0089DC43 /* MovingApp.swift */; };
		A1F80F052C12A49C0089DC43 /* ContentView.swift in Sources */ = {isa = PBXBuildFile; fileRef = A1F80F042C12A49C0089DC43 /* ContentView.swift */; };
		A1F80F072C12A49D0089DC43 /* Assets.xcassets in Resources */ = {isa = PBXBuildFile; fileRef = A1F80F062C12A49D0089DC43 /* Assets.xcassets */; };
		A1F80F0B2C12A49D0089DC43 /* Preview Assets.xcassets in Resources */ = {isa = PBXBuildFile; fileRef = A1F80F0A2C12A49D0089DC43 /* Preview Assets.xcassets */; };
		A1F80F152C12A49D0089DC43 /* MovingTests.swift in Sources */ = {isa = PBXBuildFile; fileRef = A1F80F142C12A49D0089DC43 /* MovingTests.swift */; };
		A1F80F1F2C12A49D0089DC43 /* MovingUITests.swift in Sources */ = {isa = PBXBuildFile; fileRef = A1F80F1E2C12A49D0089DC43 /* MovingUITests.swift */; };
		A1F80F212C12A49D0089DC43 /* MovingUITestsLaunchTests.swift in Sources */ = {isa = PBXBuildFile; fileRef = A1F80F202C12A49D0089DC43 /* MovingUITestsLaunchTests.swift */; };
/* End PBXBuildFile section */

/* Begin PBXContainerItemProxy section */
		A1F80F112C12A49D0089DC43 /* PBXContainerItemProxy */ = {
			isa = PBXContainerItemProxy;
			containerPortal = A1F80EF72C12A49C0089DC43 /* Project object */;
			proxyType = 1;
			remoteGlobalIDString = A1F80EFE2C12A49C0089DC43;
			remoteInfo = Moving;
		};
		A1F80F1B2C12A49D0089DC43 /* PBXContainerItemProxy */ = {
			isa = PBXContainerItemProxy;
			containerPortal = A1F80EF72C12A49C0089DC43 /* Project object */;
			proxyType = 1;
			remoteGlobalIDString = A1F80EFE2C12A49C0089DC43;
			remoteInfo = Moving;
		};
/* End PBXContainerItemProxy section */

/* Begin PBXFileReference section */
		A1F80EFF2C12A49C0089DC43 /* Moving.app */ = {isa = PBXFileReference; explicitFileType = wrapper.application; includeInIndex = 0; path = Moving.app; sourceTree = BUILT_PRODUCTS_DIR; };
		A1F80F022C12A49C0089DC43 /* MovingApp.swift */ = {isa = PBXFileReference; lastKnownFileType = sourcecode.swift; path = MovingApp.swift; sourceTree = "<group>"; };
		A1F80F042C12A49C0089DC43 /* ContentView.swift */ = {isa = PBXFileReference; lastKnownFileType = sourcecode.swift; path = ContentView.swift; sourceTree = "<group>"; };
		A1F80F062C12A49D0089DC43 /* Assets.xcassets */ = {isa = PBXFileReference; lastKnownFileType = folder.assetcatalog; path = Assets.xcassets; sourceTree = "<group>"; };
		A1F80F082C12A49D0089DC43 /* Moving.entitlements */ = {isa = PBXFileReference; lastKnownFileType = text.plist.entitlements; path = Moving.entitlements; sourceTree = "<group>"; };
		A1F80F0A2C12A49D0089DC43 /* Preview Assets.xcassets */ = {isa = PBXFileReference; lastKnownFileType = folder.assetcatalog; path = "Preview Assets.xcassets"; sourceTree = "<group>"; };
		A1F80F102C12A49D0089DC43 /* MovingTests.xctest */ = {isa = PBXFileReference; explicitFileType = wrapper.cfbundle; includeInIndex = 0; path = MovingTests.xctest; sourceTree = BUILT_PRODUCTS_DIR; };
		A1F80F142C12A49D0089DC43 /* MovingTests.swift */ = {isa = PBXFileReference; lastKnownFileType = sourcecode.swift; path = MovingTests.swift; sourceTree = "<group>"; };
		A1F80F1A2C12A49D0089DC43 /* MovingUITests.xctest */ = {isa = PBXFileReference; explicitFileType = wrapper.cfbundle; includeInIndex = 0; path = MovingUITests.xctest; sourceTree = BUILT_PRODUCTS_DIR; };
		A1F80F1E2C12A49D0089DC43 /* MovingUITests.swift */ = {isa = PBXFileReference; lastKnownFileType = sourcecode.swift; path = MovingUITests.swift; sourceTree = "<group>"; };
		A1F80F202C12A49D0089DC43 /* MovingUITestsLaunchTests.swift */ = {isa = PBXFileReference; lastKnownFileType = sourcecode.swift; path = MovingUITestsLaunchTests.swift; sourceTree = "<group>"; };
/* End PBXFileReference section */

/* Begin PBXFrameworksBuildPhase section */
		A1F80EFC2C12A49C0089DC43 /* Frameworks */ = {
			isa = PBXFrameworksBuildPhase;
			buildActionMask = 2147483647;
			files = (
			);
			runOnlyForDeploymentPostprocessing = 0;
		};
		A1F80F0D2C12A49D0089DC43 /* Frameworks */ = {
			isa = PBXFrameworksBuildPhase;
			buildActionMask = 2147483647;
			files = (
			);
			runOnlyForDeploymentPostprocessing = 0;
		};
		A1F80F172C12A49D0089DC43 /* Frameworks */ = {
			isa = PBXFrameworksBuildPhase;
			buildActionMask = 2147483647;
			files = (
			);
			runOnlyForDeploymentPostprocessing = 0;
		};
/* End PBXFrameworksBuildPhase section */

/* Begin PBXGroup section */
		A1F80EF62C12A49C0089DC43 = {
			isa = PBXGroup;
			children = (
				A1F80F012C12A49C0089DC43 /* Moving */,
				A1F80F132C12A49D0089DC43 /* MovingTests */,
				A1F80F1D2C12A49D0089DC43 /* MovingUITests */,
				A1F80F002C12A49C0089DC43 /* Products */,
			);
			sourceTree = "<group>";
		};
		A1F80F002C12A49C0089DC43 /* Products */ = {
			isa = PBXGroup;
			children = (
				A1F80EFF2C12A49C0089DC43 /* Moving.app */,
				A1F80F102C12A49D0089DC43 /* MovingTests.xctest */,
				A1F80F1A2C12A49D0089DC43 /* MovingUITests.xctest */,
			);
			name = Products;
			sourceTree = "<group>";
		};
		A1F80F012C12A49C0089DC43 /* Moving */ = {
			isa = PBXGroup;
			children = (
				A1F80F022C12A49C0089DC43 /* MovingApp.swift */,
				A1F80F042C12A49C0089DC43 /* ContentView.swift */,
				A1F80F062C12A49D0089DC43 /* Assets.xcassets */,
				A1F80F082C12A49D0089DC43 /* Moving.entitlements */,
				A1F80F092C12A49D0089DC43 /* Preview Content */,
			);
			path = Moving;
			sourceTree = "<group>";
		};
		A1F80F092C12A49D0089DC43 /* Preview Content */ = {
			isa = PBXGroup;
			children = (
				A1F80F0A2C12A49D0089DC43 /* Preview Assets.xcassets */,
			);
			path = "Preview Content";
			sourceTree = "<group>";
		};
		A1F80F132C12A49D0089DC43 /* MovingTests */ = {
			isa = PBXGroup;
			children = (
				A1F80F142C12A49D0089DC43 /* MovingTests.swift */,
			);
			path = MovingTests;
			sourceTree = "<group>";
		};
		A1F80F1D2C12A49D0089DC43 /* MovingUITests */ = {
			isa = PBXGroup;
			children = (
				A1F80F1E2C12A49D0089DC43 /* MovingUITests.swift */,
				A1F80F202C12A49D0089DC43 /* MovingUITestsLaunchTests.swift */,
			);
			path = MovingUITests;
			sourceTree = "<group>";
		};
/* End PBXGroup section */

/* Begin PBXNativeTarget section */
		A1F80EFE2C12A49C0089DC43 /* Moving */ = {
			isa = PBXNativeTarget;
			buildConfigurationList = A1F80F242C12A49D0089DC43 /* Build configuration list for PBXNativeTarget "Moving" */;
			buildPhases = (
				A1F80EFB2C12A49C0089DC43 /* Sources */,
				A1F80EFC2C12A49C0089DC43 /* Frameworks */,
				A1F80EFD2C12A49C0089DC43 /* Resources */,
			);
			buildRules = (
			);
			dependencies = (
			);
			name = Moving;
			productName = Moving;
			productReference = A1F80EFF2C12A49C0089DC43 /* Moving.app */;
			productType = "com.apple.product-type.application";
		};
		A1F80F0F2C12A49D0089DC43 /* MovingTests */ = {
			isa = PBXNativeTarget;
			buildConfigurationList = A1F80F272C12A49D0089DC43 /* Build configuration list for PBXNativeTarget "MovingTests" */;
			buildPhases = (
				A1F80F0C2C12A49D0089DC43 /* Sources */,
				A1F80F0D2C12A49D0089DC43 /* Frameworks */,
				A1F80F0E2C12A49D0089DC43 /* Resources */,
			);
			buildRules = (
			);
			dependencies = (
				A1F80F122C12A49D0089DC43 /* PBXTargetDependency */,
			);
			name = MovingTests;
			productName = MovingTests;
			productReference = A1F80F102C12A49D0089DC43 /* MovingTests.xctest */;
			productType = "com.apple.product-type.bundle.unit-test";
		};
		A1F80F192C12A49D0089DC43 /* MovingUITests */ = {
			isa = PBXNativeTarget;
			buildConfigurationList = A1F80F2A2C12A49D0089DC43 /* Build configuration list for PBXNativeTarget "MovingUITests" */;
			buildPhases = (
				A1F80F162C12A49D0089DC43 /* Sources */,
				A1F80F172C12A49D0089DC43 /* Frameworks */,
				A1F80F182C12A49D0089DC43 /* Resources */,
			);
			buildRules = (
			);
			dependencies = (
				A1F80F1C2C12A49D0089DC43 /* PBXTargetDependency */,
			);
			name = MovingUITests;
			productName = MovingUITests;
			productReference = A1F80F1A2C12A49D0089DC43 /* MovingUITests.xctest */;
			productType = "com.apple.product-type.bundle.ui-testing";
		};
/* End PBXNativeTarget section */

/* Begin PBXProject section */
		A1F80EF72C12A49C0089DC43 /* Project object */ = {
			isa = PBXProject;
			attributes = {
				BuildIndependentTargetsInParallel = 1;
				LastSwiftUpdateCheck = 1540;
				LastUpgradeCheck = 1540;
				TargetAttributes = {
					A1F80EFE2C12A49C0089DC43 = {
						CreatedOnToolsVersion = 15.4;
					};
					A1F80F0F2C12A49D0089DC43 = {
						CreatedOnToolsVersion = 15.4;
						TestTargetID = A1F80EFE2C12A49C0089DC43;
					};
					A1F80F192C12A49D0089DC43 = {
						CreatedOnToolsVersion = 15.4;
						TestTargetID = A1F80EFE2C12A49C0089DC43;
					};
				};
			};
			buildConfigurationList = A1F80EFA2C12A49C0089DC43 /* Build configuration list for PBXProject "Moving" */;
			compatibilityVersion = "Xcode 14.0";
			developmentRegion = en;
			hasScannedForEncodings = 0;
			knownRegions = (
				en,
				Base,
			);
			mainGroup = A1F80EF62C12A49C0089DC43;
			productRefGroup = A1F80F002C12A49C0089DC43 /* Products */;
			projectDirPath = "";
			projectRoot = "";
			targets = (
				A1F80EFE2C12A49C0089DC43 /* Moving */,
				A1F80F0F2C12A49D0089DC43 /* MovingTests */,
				A1F80F192C12A49D0089DC43 /* MovingUITests */,
			);
		};
/* End PBXProject section */

/* Begin PBXResourcesBuildPhase section */
		A1F80EFD2C12A49C0089DC43 /* Resources */ = {
			isa = PBXResourcesBuildPhase;
			buildActionMask = 2147483647;
			files = (
				A1F80F0B2C12A49D0089DC43 /* Preview Assets.xcassets in Resources */,
				A1F80F072C12A49D0089DC43 /* Assets.xcassets in Resources */,
			);
			runOnlyForDeploymentPostprocessing = 0;
		};
		A1F80F0E2C12A49D0089DC43 /* Resources */ = {
			isa = PBXResourcesBuildPhase;
			buildActionMask = 2147483647;
			files = (
			);
			runOnlyForDeploymentPostprocessing = 0;
		};
		A1F80F182C12A49D0089DC43 /* Resources */ = {
			isa = PBXResourcesBuildPhase;
			buildActionMask = 2147483647;
			files = (
			);
			runOnlyForDeploymentPostprocessing = 0;
		};
/* End PBXResourcesBuildPhase section */

/* Begin PBXSourcesBuildPhase section */
		A1F80EFB2C12A49C0089DC43 /* Sources */ = {
			isa = PBXSourcesBuildPhase;
			buildActionMask = 2147483647;
			files = (
				A1F80F052C12A49C0089DC43 /* ContentView.swift in Sources */,
				A1F80F032C12A49C0089DC43 /* MovingApp.swift in Sources */,
			);
			runOnlyForDeploymentPostprocessing = 0;
		};
		A1F80F0C2C12A49D0089DC43 /* Sources */ = {
			isa = PBXSourcesBuildPhase;
			buildActionMask = 2147483647;
			files = (
				A1F80F152C12A49D0089DC43 /* MovingTests.swift in Sources */,
			);
			runOnlyForDeploymentPostprocessing = 0;
		};
		A1F80F162C12A49D0089DC43 /* Sources */ = {
			isa = PBXSourcesBuildPhase;
			buildActionMask = 2147483647;
			files = (
				A1F80F212C12A49D0089DC43 /* MovingUITestsLaunchTests.swift in Sources */,
				A1F80F1F2C12A49D0089DC43 /* MovingUITests.swift in Sources */,
			);
			runOnlyForDeploymentPostprocessing = 0;
		};
/* End PBXSourcesBuildPhase section */

/* Begin PBXTargetDependency section */
		A1F80F122C12A49D0089DC43 /* PBXTargetDependency */ = {
			isa = PBXTargetDependency;
			target = A1F80EFE2C12A49C0089DC43 /* Moving */;
			targetProxy = A1F80F112C12A49D0089DC43 /* PBXContainerItemProxy */;
		};
		A1F80F1C2C12A49D0089DC43 /* PBXTargetDependency */ = {
			isa = PBXTargetDependency;
			target = A1F80EFE2C12A49C0089DC43 /* Moving */;
			targetProxy = A1F80F1B2C12A49D0089DC43 /* PBXContainerItemProxy */;
		};
/* End PBXTargetDependency section */

/* Begin XCBuildConfiguration section */
		A1F80F222C12A49D0089DC43 /* Debug */ = {
			isa = XCBuildConfiguration;
			buildSettings = {
				ALWAYS_SEARCH_USER_PATHS = NO;
				ASSETCATALOG_COMPILER_GENERATE_SWIFT_ASSET_SYMBOL_EXTENSIONS = YES;
				CLANG_ANALYZER_NONNULL = YES;
				CLANG_ANALYZER_NUMBER_OBJECT_CONVERSION = YES_AGGRESSIVE;
				CLANG_CXX_LANGUAGE_STANDARD = "gnu++20";
				CLANG_ENABLE_MODULES = YES;
				CLANG_ENABLE_OBJC_ARC = YES;
				CLANG_ENABLE_OBJC_WEAK = YES;
				CLANG_WARN_BLOCK_CAPTURE_AUTORELEASING = YES;
				CLANG_WARN_BOOL_CONVERSION = YES;
				CLANG_WARN_COMMA = YES;
				CLANG_WARN_CONSTANT_CONVERSION = YES;
				CLANG_WARN_DEPRECATED_OBJC_IMPLEMENTATIONS = YES;
				CLANG_WARN_DIRECT_OBJC_ISA_USAGE = YES_ERROR;
				CLANG_WARN_DOCUMENTATION_COMMENTS = YES;
				CLANG_WARN_EMPTY_BODY = YES;
				CLANG_WARN_ENUM_CONVERSION = YES;
				CLANG_WARN_INFINITE_RECURSION = YES;
				CLANG_WARN_INT_CONVERSION = YES;
				CLANG_WARN_NON_LITERAL_NULL_CONVERSION = YES;
				CLANG_WARN_OBJC_IMPLICIT_RETAIN_SELF = YES;
				CLANG_WARN_OBJC_LITERAL_CONVERSION = YES;
				CLANG_WARN_OBJC_ROOT_CLASS = YES_ERROR;
				CLANG_WARN_QUOTED_INCLUDE_IN_FRAMEWORK_HEADER = YES;
				CLANG_WARN_RANGE_LOOP_ANALYSIS = YES;
				CLANG_WARN_STRICT_PROTOTYPES = YES;
				CLANG_WARN_SUSPICIOUS_MOVE = YES;
				CLANG_WARN_UNGUARDED_AVAILABILITY = YES_AGGRESSIVE;
				CLANG_WARN_UNREACHABLE_CODE = YES;
				CLANG_WARN__DUPLICATE_METHOD_MATCH = YES;
				COPY_PHASE_STRIP = NO;
				DEBUG_INFORMATION_FORMAT = dwarf;
				ENABLE_STRICT_OBJC_MSGSEND = YES;
				ENABLE_TESTABILITY = YES;
				ENABLE_USER_SCRIPT_SANDBOXING = YES;
				GCC_C_LANGUAGE_STANDARD = gnu17;
				GCC_DYNAMIC_NO_PIC = NO;
				GCC_NO_COMMON_BLOCKS = YES;
				GCC_OPTIMIZATION_LEVEL = 0;
				GCC_PREPROCESSOR_DEFINITIONS = (
					"DEBUG=1",
					"$(inherited)",
				);
				GCC_WARN_64_TO_32_BIT_CONVERSION = YES;
				GCC_WARN_ABOUT_RETURN_TYPE = YES_ERROR;
				GCC_WARN_UNDECLARED_SELECTOR = YES;
				GCC_WARN_UNINITIALIZED_AUTOS = YES_AGGRESSIVE;
				GCC_WARN_UNUSED_FUNCTION = YES;
				GCC_WARN_UNUSED_VARIABLE = YES;
				LOCALIZATION_PREFERS_STRING_CATALOGS = YES;
				MTL_ENABLE_DEBUG_INFO = INCLUDE_SOURCE;
				MTL_FAST_MATH = YES;
				ONLY_ACTIVE_ARCH = YES;
				SWIFT_ACTIVE_COMPILATION_CONDITIONS = "DEBUG $(inherited)";
				SWIFT_OPTIMIZATION_LEVEL = "-Onone";
			};
			name = Debug;
		};
		A1F80F232C12A49D0089DC43 /* Release */ = {
			isa = XCBuildConfiguration;
			buildSettings = {
				ALWAYS_SEARCH_USER_PATHS = NO;
				ASSETCATALOG_COMPILER_GENERATE_SWIFT_ASSET_SYMBOL_EXTENSIONS = YES;
				CLANG_ANALYZER_NONNULL = YES;
				CLANG_ANALYZER_NUMBER_OBJECT_CONVERSION = YES_AGGRESSIVE;
				CLANG_CXX_LANGUAGE_STANDARD = "gnu++20";
				CLANG_ENABLE_MODULES = YES;
				CLANG_ENABLE_OBJC_ARC = YES;
				CLANG_ENABLE_OBJC_WEAK = YES;
				CLANG_WARN_BLOCK_CAPTURE_AUTORELEASING = YES;
				CLANG_WARN_BOOL_CONVERSION = YES;
				CLANG_WARN_COMMA = YES;
				CLANG_WARN_CONSTANT_CONVERSION = YES;
				CLANG_WARN_DEPRECATED_OBJC_IMPLEMENTATIONS = YES;
				CLANG_WARN_DIRECT_OBJC_ISA_USAGE = YES_ERROR;
				CLANG_WARN_DOCUMENTATION_COMMENTS = YES;
				CLANG_WARN_EMPTY_BODY = YES;
				CLANG_WARN_ENUM_CONVERSION = YES;
				CLANG_WARN_INFINITE_RECURSION = YES;
				CLANG_WARN_INT_CONVERSION = YES;
				CLANG_WARN_NON_LITERAL_NULL_CONVERSION = YES;
				CLANG_WARN_OBJC_IMPLICIT_RETAIN_SELF = YES;
				CLANG_WARN_OBJC_LITERAL_CONVERSION = YES;
				CLANG_WARN_OBJC_ROOT_CLASS = YES_ERROR;
				CLANG_WARN_QUOTED_INCLUDE_IN_FRAMEWORK_HEADER = YES;
				CLANG_WARN_RANGE_LOOP_ANALYSIS = YES;
				CLANG_WARN_STRICT_PROTOTYPES = YES;
				CLANG_WARN_SUSPICIOUS_MOVE = YES;
				CLANG_WARN_UNGUARDED_AVAILABILITY = YES_AGGRESSIVE;
				CLANG_WARN_UNREACHABLE_CODE = YES;
				CLANG_WARN__DUPLICATE_METHOD_MATCH = YES;
				COPY_PHASE_STRIP = NO;
				DEBUG_INFORMATION_FORMAT = "dwarf-with-dsym";
				ENABLE_NS_ASSERTIONS = NO;
				ENABLE_STRICT_OBJC_MSGSEND = YES;
				ENABLE_USER_SCRIPT_SANDBOXING = YES;
				GCC_C_LANGUAGE_STANDARD = gnu17;
				GCC_NO_COMMON_BLOCKS = YES;
				GCC_WARN_64_TO_32_BIT_CONVERSION = YES;
				GCC_WARN_ABOUT_RETURN_TYPE = YES_ERROR;
				GCC_WARN_UNDECLARED_SELECTOR = YES;
				GCC_WARN_UNINITIALIZED_AUTOS = YES_AGGRESSIVE;
				GCC_WARN_UNUSED_FUNCTION = YES;
				GCC_WARN_UNUSED_VARIABLE = YES;
				LOCALIZATION_PREFERS_STRING_CATALOGS = YES;
				MTL_ENABLE_DEBUG_INFO = NO;
				MTL_FAST_MATH = YES;
				SWIFT_COMPILATION_MODE = wholemodule;
			};
			name = Release;
		};
		A1F80F252C12A49D0089DC43 /* Debug */ = {
			isa = XCBuildConfiguration;
			buildSettings = {
				ASSETCATALOG_COMPILER_APPICON_NAME = AppIcon;
				ASSETCATALOG_COMPILER_GLOBAL_ACCENT_COLOR_NAME = AccentColor;
				CODE_SIGN_ENTITLEMENTS = Moving/Moving.entitlements;
				CODE_SIGN_STYLE = Automatic;
				CURRENT_PROJECT_VERSION = 1;
				DEVELOPMENT_ASSET_PATHS = "\"Moving/Preview Content\"";
				ENABLE_PREVIEWS = YES;
				GENERATE_INFOPLIST_FILE = YES;
				"INFOPLIST_KEY_UIApplicationSceneManifest_Generation[sdk=iphoneos*]" = YES;
				"INFOPLIST_KEY_UIApplicationSceneManifest_Generation[sdk=iphonesimulator*]" = YES;
				"INFOPLIST_KEY_UIApplicationSupportsIndirectInputEvents[sdk=iphoneos*]" = YES;
				"INFOPLIST_KEY_UIApplicationSupportsIndirectInputEvents[sdk=iphonesimulator*]" = YES;
				"INFOPLIST_KEY_UILaunchScreen_Generation[sdk=iphoneos*]" = YES;
				"INFOPLIST_KEY_UILaunchScreen_Generation[sdk=iphonesimulator*]" = YES;
				"INFOPLIST_KEY_UIStatusBarStyle[sdk=iphoneos*]" = UIStatusBarStyleDefault;
				"INFOPLIST_KEY_UIStatusBarStyle[sdk=iphonesimulator*]" = UIStatusBarStyleDefault;
				INFOPLIST_KEY_UISupportedInterfaceOrientations_iPad = "UIInterfaceOrientationPortrait UIInterfaceOrientationPortraitUpsideDown UIInterfaceOrientationLandscapeLeft UIInterfaceOrientationLandscapeRight";
				INFOPLIST_KEY_UISupportedInterfaceOrientations_iPhone = "UIInterfaceOrientationPortrait UIInterfaceOrientationLandscapeLeft UIInterfaceOrientationLandscapeRight";
				IPHONEOS_DEPLOYMENT_TARGET = 17.5;
				LD_RUNPATH_SEARCH_PATHS = "@executable_path/Frameworks";
				"LD_RUNPATH_SEARCH_PATHS[sdk=macosx*]" = "@executable_path/../Frameworks";
				MACOSX_DEPLOYMENT_TARGET = 14.5;
				MARKETING_VERSION = 1.0;
				PRODUCT_BUNDLE_IDENTIFIER = MichelleThorn.Moving;
				PRODUCT_NAME = "$(TARGET_NAME)";
				SDKROOT = auto;
				SUPPORTED_PLATFORMS = "iphoneos iphonesimulator macosx";
				SWIFT_EMIT_LOC_STRINGS = YES;
				SWIFT_VERSION = 5.0;
				TARGETED_DEVICE_FAMILY = "1,2";
			};
			name = Debug;
		};
		A1F80F262C12A49D0089DC43 /* Release */ = {
			isa = XCBuildConfiguration;
			buildSettings = {
				ASSETCATALOG_COMPILER_APPICON_NAME = AppIcon;
				ASSETCATALOG_COMPILER_GLOBAL_ACCENT_COLOR_NAME = AccentColor;
				CODE_SIGN_ENTITLEMENTS = Moving/Moving.entitlements;
				CODE_SIGN_STYLE = Automatic;
				CURRENT_PROJECT_VERSION = 1;
				DEVELOPMENT_ASSET_PATHS = "\"Moving/Preview Content\"";
				ENABLE_PREVIEWS = YES;
				GENERATE_INFOPLIST_FILE = YES;
				"INFOPLIST_KEY_UIApplicationSceneManifest_Generation[sdk=iphoneos*]" = YES;
				"INFOPLIST_KEY_UIApplicationSceneManifest_Generation[sdk=iphonesimulator*]" = YES;
				"INFOPLIST_KEY_UIApplicationSupportsIndirectInputEvents[sdk=iphoneos*]" = YES;
				"INFOPLIST_KEY_UIApplicationSupportsIndirectInputEvents[sdk=iphonesimulator*]" = YES;
				"INFOPLIST_KEY_UILaunchScreen_Generation[sdk=iphoneos*]" = YES;
				"INFOPLIST_KEY_UILaunchScreen_Generation[sdk=iphonesimulator*]" = YES;
				"INFOPLIST_KEY_UIStatusBarStyle[sdk=iphoneos*]" = UIStatusBarStyleDefault;
				"INFOPLIST_KEY_UIStatusBarStyle[sdk=iphonesimulator*]" = UIStatusBarStyleDefault;
				INFOPLIST_KEY_UISupportedInterfaceOrientations_iPad = "UIInterfaceOrientationPortrait UIInterfaceOrientationPortraitUpsideDown UIInterfaceOrientationLandscapeLeft UIInterfaceOrientationLandscapeRight";
				INFOPLIST_KEY_UISupportedInterfaceOrientations_iPhone = "UIInterfaceOrientationPortrait UIInterfaceOrientationLandscapeLeft UIInterfaceOrientationLandscapeRight";
				IPHONEOS_DEPLOYMENT_TARGET = 17.5;
				LD_RUNPATH_SEARCH_PATHS = "@executable_path/Frameworks";
				"LD_RUNPATH_SEARCH_PATHS[sdk=macosx*]" = "@executable_path/../Frameworks";
				MACOSX_DEPLOYMENT_TARGET = 14.5;
				MARKETING_VERSION = 1.0;
				PRODUCT_BUNDLE_IDENTIFIER = MichelleThorn.Moving;
				PRODUCT_NAME = "$(TARGET_NAME)";
				SDKROOT = auto;
				SUPPORTED_PLATFORMS = "iphoneos iphonesimulator macosx";
				SWIFT_EMIT_LOC_STRINGS = YES;
				SWIFT_VERSION = 5.0;
				TARGETED_DEVICE_FAMILY = "1,2";
			};
			name = Release;
		};
		A1F80F282C12A49D0089DC43 /* Debug */ = {
			isa = XCBuildConfiguration;
			buildSettings = {
				ALWAYS_EMBED_SWIFT_STANDARD_LIBRARIES = YES;
				BUNDLE_LOADER = "$(TEST_HOST)";
				CODE_SIGN_STYLE = Automatic;
				CURRENT_PROJECT_VERSION = 1;
				GENERATE_INFOPLIST_FILE = YES;
				IPHONEOS_DEPLOYMENT_TARGET = 17.5;
				MACOSX_DEPLOYMENT_TARGET = 14.5;
				MARKETING_VERSION = 1.0;
				PRODUCT_BUNDLE_IDENTIFIER = MichelleThorn.MovingTests;
				PRODUCT_NAME = "$(TARGET_NAME)";
				SDKROOT = auto;
				SUPPORTED_PLATFORMS = "iphoneos iphonesimulator macosx";
				SWIFT_EMIT_LOC_STRINGS = NO;
				SWIFT_VERSION = 5.0;
				TARGETED_DEVICE_FAMILY = "1,2";
				TEST_HOST = "$(BUILT_PRODUCTS_DIR)/Moving.app/$(BUNDLE_EXECUTABLE_FOLDER_PATH)/Moving";
			};
			name = Debug;
		};
		A1F80F292C12A49D0089DC43 /* Release */ = {
			isa = XCBuildConfiguration;
			buildSettings = {
				ALWAYS_EMBED_SWIFT_STANDARD_LIBRARIES = YES;
				BUNDLE_LOADER = "$(TEST_HOST)";
				CODE_SIGN_STYLE = Automatic;
				CURRENT_PROJECT_VERSION = 1;
				GENERATE_INFOPLIST_FILE = YES;
				IPHONEOS_DEPLOYMENT_TARGET = 17.5;
				MACOSX_DEPLOYMENT_TARGET = 14.5;
				MARKETING_VERSION = 1.0;
				PRODUCT_BUNDLE_IDENTIFIER = MichelleThorn.MovingTests;
				PRODUCT_NAME = "$(TARGET_NAME)";
				SDKROOT = auto;
				SUPPORTED_PLATFORMS = "iphoneos iphonesimulator macosx";
				SWIFT_EMIT_LOC_STRINGS = NO;
				SWIFT_VERSION = 5.0;
				TARGETED_DEVICE_FAMILY = "1,2";
				TEST_HOST = "$(BUILT_PRODUCTS_DIR)/Moving.app/$(BUNDLE_EXECUTABLE_FOLDER_PATH)/Moving";
			};
			name = Release;
		};
		A1F80F2B2C12A49D0089DC43 /* Debug */ = {
			isa = XCBuildConfiguration;
			buildSettings = {
				ALWAYS_EMBED_SWIFT_STANDARD_LIBRARIES = YES;
				CODE_SIGN_STYLE = Automatic;
				CURRENT_PROJECT_VERSION = 1;
				GENERATE_INFOPLIST_FILE = YES;
				IPHONEOS_DEPLOYMENT_TARGET = 17.5;
				MACOSX_DEPLOYMENT_TARGET = 14.5;
				MARKETING_VERSION = 1.0;
				PRODUCT_BUNDLE_IDENTIFIER = MichelleThorn.MovingUITests;
				PRODUCT_NAME = "$(TARGET_NAME)";
				SDKROOT = auto;
				SUPPORTED_PLATFORMS = "iphoneos iphonesimulator macosx";
				SWIFT_EMIT_LOC_STRINGS = NO;
				SWIFT_VERSION = 5.0;
				TARGETED_DEVICE_FAMILY = "1,2";
				TEST_TARGET_NAME = Moving;
			};
			name = Debug;
		};
		A1F80F2C2C12A49D0089DC43 /* Release */ = {
			isa = XCBuildConfiguration;
			buildSettings = {
				ALWAYS_EMBED_SWIFT_STANDARD_LIBRARIES = YES;
				CODE_SIGN_STYLE = Automatic;
				CURRENT_PROJECT_VERSION = 1;
				GENERATE_INFOPLIST_FILE = YES;
				IPHONEOS_DEPLOYMENT_TARGET = 17.5;
				MACOSX_DEPLOYMENT_TARGET = 14.5;
				MARKETING_VERSION = 1.0;
				PRODUCT_BUNDLE_IDENTIFIER = MichelleThorn.MovingUITests;
				PRODUCT_NAME = "$(TARGET_NAME)";
				SDKROOT = auto;
				SUPPORTED_PLATFORMS = "iphoneos iphonesimulator macosx";
				SWIFT_EMIT_LOC_STRINGS = NO;
				SWIFT_VERSION = 5.0;
				TARGETED_DEVICE_FAMILY = "1,2";
				TEST_TARGET_NAME = Moving;
			};
			name = Release;
		};
/* End XCBuildConfiguration section */

/* Begin XCConfigurationList section */
		A1F80EFA2C12A49C0089DC43 /* Build configuration list for PBXProject "Moving" */ = {
			isa = XCConfigurationList;
			buildConfigurations = (
				A1F80F222C12A49D0089DC43 /* Debug */,
				A1F80F232C12A49D0089DC43 /* Release */,
			);
			defaultConfigurationIsVisible = 0;
			defaultConfigurationName = Release;
		};
		A1F80F242C12A49D0089DC43 /* Build configuration list for PBXNativeTarget "Moving" */ = {
			isa = XCConfigurationList;
			buildConfigurations = (
				A1F80F252C12A49D0089DC43 /* Debug */,
				A1F80F262C12A49D0089DC43 /* Release */,
			);
			defaultConfigurationIsVisible = 0;
			defaultConfigurationName = Release;
		};
		A1F80F272C12A49D0089DC43 /* Build configuration list for PBXNativeTarget "MovingTests" */ = {
			isa = XCConfigurationList;
			buildConfigurations = (
				A1F80F282C12A49D0089DC43 /* Debug */,
				A1F80F292C12A49D0089DC43 /* Release */,
			);
			defaultConfigurationIsVisible = 0;
			defaultConfigurationName = Release;
		};
		A1F80F2A2C12A49D0089DC43 /* Build configuration list for PBXNativeTarget "MovingUITests" */ = {
			isa = XCConfigurationList;
			buildConfigurations = (
				A1F80F2B2C12A49D0089DC43 /* Debug */,
				A1F80F2C2C12A49D0089DC43 /* Release */,
			);
			defaultConfigurationIsVisible = 0;
			defaultConfigurationName = Release;
		};
/* End XCConfigurationList section */
	};
	rootObject = A1F80EF72C12A49C0089DC43 /* Project object */;
}
